// !$*UTF8*$!
{
	archiveVersion = 1;
	classes = {
	};
	objectVersion = 46;
	objects = {

/* Begin PBXBuildFile section */
		9E9E90471E4CEBA20079DAF9 /* AppDelegate.swift in Sources */ = {isa = PBXBuildFile; fileRef = 9E9E90461E4CEBA20079DAF9 /* AppDelegate.swift */; };
		9E9E90491E4CEBA20079DAF9 /* ViewController.swift in Sources */ = {isa = PBXBuildFile; fileRef = 9E9E90481E4CEBA20079DAF9 /* ViewController.swift */; };
		9E9E904E1E4CEBA20079DAF9 /* Assets.xcassets in Resources */ = {isa = PBXBuildFile; fileRef = 9E9E904D1E4CEBA20079DAF9 /* Assets.xcassets */; };
		9E9E90511E4CEBA20079DAF9 /* LaunchScreen.storyboard in Resources */ = {isa = PBXBuildFile; fileRef = 9E9E904F1E4CEBA20079DAF9 /* LaunchScreen.storyboard */; };
		9E9E90591E4CEE6D0079DAF9 /* FavoritesViewController.swift in Sources */ = {isa = PBXBuildFile; fileRef = 9E9E90581E4CEE6D0079DAF9 /* FavoritesViewController.swift */; };
		9E9E905B1E4CF8E90079DAF9 /* TopRatedViewController.swift in Sources */ = {isa = PBXBuildFile; fileRef = 9E9E905A1E4CF8E90079DAF9 /* TopRatedViewController.swift */; };
		9E9E905D1E4D29150079DAF9 /* Rollbar.framework in Frameworks */ = {isa = PBXBuildFile; fileRef = 9E9E905C1E4D29150079DAF9 /* Rollbar.framework */; };
		9E9E905F1E4D291E0079DAF9 /* CrashReporter.framework in Frameworks */ = {isa = PBXBuildFile; fileRef = 9E9E905E1E4D291E0079DAF9 /* CrashReporter.framework */; };
/* End PBXBuildFile section */

/* Begin PBXFileReference section */
		9E9E90431E4CEBA20079DAF9 /* swiftbar.app */ = {isa = PBXFileReference; explicitFileType = wrapper.application; includeInIndex = 0; path = swiftbar.app; sourceTree = BUILT_PRODUCTS_DIR; };
		9E9E90461E4CEBA20079DAF9 /* AppDelegate.swift */ = {isa = PBXFileReference; lastKnownFileType = sourcecode.swift; path = AppDelegate.swift; sourceTree = "<group>"; };
		9E9E90481E4CEBA20079DAF9 /* ViewController.swift */ = {isa = PBXFileReference; lastKnownFileType = sourcecode.swift; path = ViewController.swift; sourceTree = "<group>"; };
		9E9E904D1E4CEBA20079DAF9 /* Assets.xcassets */ = {isa = PBXFileReference; lastKnownFileType = folder.assetcatalog; path = Assets.xcassets; sourceTree = "<group>"; };
		9E9E90501E4CEBA20079DAF9 /* Base */ = {isa = PBXFileReference; lastKnownFileType = file.storyboard; name = Base; path = Base.lproj/LaunchScreen.storyboard; sourceTree = "<group>"; };
		9E9E90521E4CEBA20079DAF9 /* Info.plist */ = {isa = PBXFileReference; lastKnownFileType = text.plist.xml; path = Info.plist; sourceTree = "<group>"; };
		9E9E90581E4CEE6D0079DAF9 /* FavoritesViewController.swift */ = {isa = PBXFileReference; fileEncoding = 4; lastKnownFileType = sourcecode.swift; path = FavoritesViewController.swift; sourceTree = "<group>"; };
		9E9E905A1E4CF8E90079DAF9 /* TopRatedViewController.swift */ = {isa = PBXFileReference; fileEncoding = 4; lastKnownFileType = sourcecode.swift; path = TopRatedViewController.swift; sourceTree = "<group>"; };
		9E9E905C1E4D29150079DAF9 /* Rollbar.framework */ = {isa = PBXFileReference; lastKnownFileType = wrapper.framework; path = Rollbar.framework; sourceTree = "<group>"; };
		9E9E905E1E4D291E0079DAF9 /* CrashReporter.framework */ = {isa = PBXFileReference; lastKnownFileType = wrapper.framework; path = CrashReporter.framework; sourceTree = "<group>"; };
		9E9E90601E4D29570079DAF9 /* swiftbar-Bridging-Header.h */ = {isa = PBXFileReference; lastKnownFileType = sourcecode.c.h; path = "swiftbar-Bridging-Header.h"; sourceTree = "<group>"; };
/* End PBXFileReference section */

/* Begin PBXFrameworksBuildPhase section */
		9E9E90401E4CEBA10079DAF9 /* Frameworks */ = {
			isa = PBXFrameworksBuildPhase;
			buildActionMask = 2147483647;
			files = (
				9E9E905D1E4D29150079DAF9 /* Rollbar.framework in Frameworks */,
				9E9E905F1E4D291E0079DAF9 /* CrashReporter.framework in Frameworks */,
			);
			runOnlyForDeploymentPostprocessing = 0;
		};
/* End PBXFrameworksBuildPhase section */

/* Begin PBXGroup section */
		9E9E903A1E4CEBA10079DAF9 = {
			isa = PBXGroup;
			children = (
				9E9E905E1E4D291E0079DAF9 /* CrashReporter.framework */,
				9E9E905C1E4D29150079DAF9 /* Rollbar.framework */,
				9E9E90451E4CEBA20079DAF9 /* swiftbar */,
				9E9E90441E4CEBA20079DAF9 /* Products */,
				9E9E90601E4D29570079DAF9 /* swiftbar-Bridging-Header.h */,
			);
			sourceTree = "<group>";
		};
		9E9E90441E4CEBA20079DAF9 /* Products */ = {
			isa = PBXGroup;
			children = (
				9E9E90431E4CEBA20079DAF9 /* swiftbar.app */,
			);
			name = Products;
			sourceTree = "<group>";
		};
		9E9E90451E4CEBA20079DAF9 /* swiftbar */ = {
			isa = PBXGroup;
			children = (
				9E9E90461E4CEBA20079DAF9 /* AppDelegate.swift */,
				9E9E90481E4CEBA20079DAF9 /* ViewController.swift */,
				9E9E90581E4CEE6D0079DAF9 /* FavoritesViewController.swift */,
				9E9E905A1E4CF8E90079DAF9 /* TopRatedViewController.swift */,
				9E9E904D1E4CEBA20079DAF9 /* Assets.xcassets */,
				9E9E904F1E4CEBA20079DAF9 /* LaunchScreen.storyboard */,
				9E9E90521E4CEBA20079DAF9 /* Info.plist */,
			);
			path = swiftbar;
			sourceTree = "<group>";
		};
/* End PBXGroup section */

/* Begin PBXNativeTarget section */
		9E9E90421E4CEBA10079DAF9 /* swiftbar */ = {
			isa = PBXNativeTarget;
			buildConfigurationList = 9E9E90551E4CEBA20079DAF9 /* Build configuration list for PBXNativeTarget "swiftbar" */;
			buildPhases = (
				9E9E903F1E4CEBA10079DAF9 /* Sources */,
				9E9E90401E4CEBA10079DAF9 /* Frameworks */,
				9E9E90411E4CEBA10079DAF9 /* Resources */,
			);
			buildRules = (
			);
			dependencies = (
			);
			name = swiftbar;
			productName = swiftbar;
			productReference = 9E9E90431E4CEBA20079DAF9 /* swiftbar.app */;
			productType = "com.apple.product-type.application";
		};
/* End PBXNativeTarget section */

/* Begin PBXProject section */
		9E9E903B1E4CEBA10079DAF9 /* Project object */ = {
			isa = PBXProject;
			attributes = {
				LastSwiftUpdateCheck = 0820;
				LastUpgradeCheck = 0820;
				ORGANIZATIONNAME = Rollbar;
				TargetAttributes = {
					9E9E90421E4CEBA10079DAF9 = {
						CreatedOnToolsVersion = 8.2.1;
						DevelopmentTeam = F34PKF8RYM;
						LastSwiftMigration = 0820;
						ProvisioningStyle = Automatic;
					};
				};
			};
			buildConfigurationList = 9E9E903E1E4CEBA10079DAF9 /* Build configuration list for PBXProject "swiftbar" */;
			compatibilityVersion = "Xcode 3.2";
			developmentRegion = English;
			hasScannedForEncodings = 0;
			knownRegions = (
				en,
				Base,
			);
			mainGroup = 9E9E903A1E4CEBA10079DAF9;
			productRefGroup = 9E9E90441E4CEBA20079DAF9 /* Products */;
			projectDirPath = "";
			projectRoot = "";
			targets = (
				9E9E90421E4CEBA10079DAF9 /* swiftbar */,
			);
		};
/* End PBXProject section */

/* Begin PBXResourcesBuildPhase section */
		9E9E90411E4CEBA10079DAF9 /* Resources */ = {
			isa = PBXResourcesBuildPhase;
			buildActionMask = 2147483647;
			files = (
				9E9E90511E4CEBA20079DAF9 /* LaunchScreen.storyboard in Resources */,
				9E9E904E1E4CEBA20079DAF9 /* Assets.xcassets in Resources */,
			);
			runOnlyForDeploymentPostprocessing = 0;
		};
/* End PBXResourcesBuildPhase section */

/* Begin PBXSourcesBuildPhase section */
		9E9E903F1E4CEBA10079DAF9 /* Sources */ = {
			isa = PBXSourcesBuildPhase;
			buildActionMask = 2147483647;
			files = (
				9E9E90491E4CEBA20079DAF9 /* ViewController.swift in Sources */,
				9E9E905B1E4CF8E90079DAF9 /* TopRatedViewController.swift in Sources */,
				9E9E90591E4CEE6D0079DAF9 /* FavoritesViewController.swift in Sources */,
				9E9E90471E4CEBA20079DAF9 /* AppDelegate.swift in Sources */,
			);
			runOnlyForDeploymentPostprocessing = 0;
		};
/* End PBXSourcesBuildPhase section */

/* Begin PBXVariantGroup section */
		9E9E904F1E4CEBA20079DAF9 /* LaunchScreen.storyboard */ = {
			isa = PBXVariantGroup;
			children = (
				9E9E90501E4CEBA20079DAF9 /* Base */,
			);
			name = LaunchScreen.storyboard;
			sourceTree = "<group>";
		};
/* End PBXVariantGroup section */

/* Begin XCBuildConfiguration section */
		9E9E90531E4CEBA20079DAF9 /* Debug */ = {
			isa = XCBuildConfiguration;
			buildSettings = {
				ALWAYS_SEARCH_USER_PATHS = NO;
				CLANG_ANALYZER_NONNULL = YES;
				CLANG_CXX_LANGUAGE_STANDARD = "gnu++0x";
				CLANG_CXX_LIBRARY = "libc++";
				CLANG_ENABLE_MODULES = YES;
				CLANG_ENABLE_OBJC_ARC = YES;
				CLANG_WARN_BOOL_CONVERSION = YES;
				CLANG_WARN_CONSTANT_CONVERSION = YES;
				CLANG_WARN_DIRECT_OBJC_ISA_USAGE = YES_ERROR;
				CLANG_WARN_DOCUMENTATION_COMMENTS = YES;
				CLANG_WARN_EMPTY_BODY = YES;
				CLANG_WARN_ENUM_CONVERSION = YES;
				CLANG_WARN_INFINITE_RECURSION = YES;
				CLANG_WARN_INT_CONVERSION = YES;
				CLANG_WARN_OBJC_ROOT_CLASS = YES_ERROR;
				CLANG_WARN_SUSPICIOUS_MOVE = YES;
				CLANG_WARN_UNREACHABLE_CODE = YES;
				CLANG_WARN__DUPLICATE_METHOD_MATCH = YES;
				"CODE_SIGN_IDENTITY[sdk=iphoneos*]" = "iPhone Developer";
				COPY_PHASE_STRIP = NO;
				DEBUG_INFORMATION_FORMAT = dwarf;
				ENABLE_STRICT_OBJC_MSGSEND = YES;
				ENABLE_TESTABILITY = YES;
				GCC_C_LANGUAGE_STANDARD = gnu99;
				GCC_DYNAMIC_NO_PIC = NO;
				GCC_NO_COMMON_BLOCKS = YES;
				GCC_OPTIMIZATION_LEVEL = 0;
				GCC_PREPROCESSOR_DEFINITIONS = (
					"DEBUG=1",
					"$(inherited)",
				);
				GCC_WARN_64_TO_32_BIT_CONVERSION = YES;
				GCC_WARN_ABOUT_RETURN_TYPE = YES_ERROR;
				GCC_WARN_UNDECLARED_SELECTOR = YES;
				GCC_WARN_UNINITIALIZED_AUTOS = YES_AGGRESSIVE;
				GCC_WARN_UNUSED_FUNCTION = YES;
				GCC_WARN_UNUSED_VARIABLE = YES;
				IPHONEOS_DEPLOYMENT_TARGET = 10.2;
				MTL_ENABLE_DEBUG_INFO = YES;
				ONLY_ACTIVE_ARCH = YES;
				SDKROOT = iphoneos;
				SWIFT_ACTIVE_COMPILATION_CONDITIONS = DEBUG;
				SWIFT_OPTIMIZATION_LEVEL = "-Onone";
				TARGETED_DEVICE_FAMILY = "1,2";
			};
			name = Debug;
		};
		9E9E90541E4CEBA20079DAF9 /* Release */ = {
			isa = XCBuildConfiguration;
			buildSettings = {
				ALWAYS_SEARCH_USER_PATHS = NO;
				CLANG_ANALYZER_NONNULL = YES;
				CLANG_CXX_LANGUAGE_STANDARD = "gnu++0x";
				CLANG_CXX_LIBRARY = "libc++";
				CLANG_ENABLE_MODULES = YES;
				CLANG_ENABLE_OBJC_ARC = YES;
				CLANG_WARN_BOOL_CONVERSION = YES;
				CLANG_WARN_CONSTANT_CONVERSION = YES;
				CLANG_WARN_DIRECT_OBJC_ISA_USAGE = YES_ERROR;
				CLANG_WARN_DOCUMENTATION_COMMENTS = YES;
				CLANG_WARN_EMPTY_BODY = YES;
				CLANG_WARN_ENUM_CONVERSION = YES;
				CLANG_WARN_INFINITE_RECURSION = YES;
				CLANG_WARN_INT_CONVERSION = YES;
				CLANG_WARN_OBJC_ROOT_CLASS = YES_ERROR;
				CLANG_WARN_SUSPICIOUS_MOVE = YES;
				CLANG_WARN_UNREACHABLE_CODE = YES;
				CLANG_WARN__DUPLICATE_METHOD_MATCH = YES;
				"CODE_SIGN_IDENTITY[sdk=iphoneos*]" = "iPhone Developer";
				COPY_PHASE_STRIP = NO;
				DEBUG_INFORMATION_FORMAT = "dwarf-with-dsym";
				ENABLE_NS_ASSERTIONS = NO;
				ENABLE_STRICT_OBJC_MSGSEND = YES;
				GCC_C_LANGUAGE_STANDARD = gnu99;
				GCC_NO_COMMON_BLOCKS = YES;
				GCC_WARN_64_TO_32_BIT_CONVERSION = YES;
				GCC_WARN_ABOUT_RETURN_TYPE = YES_ERROR;
				GCC_WARN_UNDECLARED_SELECTOR = YES;
				GCC_WARN_UNINITIALIZED_AUTOS = YES_AGGRESSIVE;
				GCC_WARN_UNUSED_FUNCTION = YES;
				GCC_WARN_UNUSED_VARIABLE = YES;
				IPHONEOS_DEPLOYMENT_TARGET = 10.2;
				MTL_ENABLE_DEBUG_INFO = NO;
				SDKROOT = iphoneos;
				SWIFT_OPTIMIZATION_LEVEL = "-Owholemodule";
				TARGETED_DEVICE_FAMILY = "1,2";
				VALIDATE_PRODUCT = YES;
			};
			name = Release;
		};
		9E9E90561E4CEBA20079DAF9 /* Debug */ = {
			isa = XCBuildConfiguration;
			buildSettings = {
				ASSETCATALOG_COMPILER_APPICON_NAME = AppIcon;
				CLANG_ENABLE_MODULES = YES;
				DEBUG_INFORMATION_FORMAT = "dwarf-with-dsym";
				DEVELOPMENT_TEAM = F34PKF8RYM;
				FRAMEWORK_SEARCH_PATHS = (
					"$(inherited)",
					"$(PROJECT_DIR)",
				);
				INFOPLIST_FILE = swiftbar/Info.plist;
				LD_RUNPATH_SEARCH_PATHS = "$(inherited) @executable_path/Frameworks";
				PRODUCT_BUNDLE_IDENTIFIER = com.rollbar.swiftbar;
				PRODUCT_NAME = "$(TARGET_NAME)";
				SWIFT_OBJC_BRIDGING_HEADER = "swiftbar-Bridging-Header.h";
				SWIFT_OPTIMIZATION_LEVEL = "-Onone";
				SWIFT_VERSION = 3.0;
			};
			name = Debug;
		};
		9E9E90571E4CEBA20079DAF9 /* Release */ = {
			isa = XCBuildConfiguration;
			buildSettings = {
				ASSETCATALOG_COMPILER_APPICON_NAME = AppIcon;
				CLANG_ENABLE_MODULES = YES;
				DEVELOPMENT_TEAM = F34PKF8RYM;
				FRAMEWORK_SEARCH_PATHS = (
					"$(inherited)",
					"$(PROJECT_DIR)",
				);
				INFOPLIST_FILE = swiftbar/Info.plist;
				LD_RUNPATH_SEARCH_PATHS = "$(inherited) @executable_path/Frameworks";
				PRODUCT_BUNDLE_IDENTIFIER = com.rollbar.swiftbar;
				PRODUCT_NAME = "$(TARGET_NAME)";
				SWIFT_OBJC_BRIDGING_HEADER = "swiftbar-Bridging-Header.h";
				SWIFT_VERSION = 3.0;
			};
			name = Release;
		};
/* End XCBuildConfiguration section */

/* Begin XCConfigurationList section */
		9E9E903E1E4CEBA10079DAF9 /* Build configuration list for PBXProject "swiftbar" */ = {
			isa = XCConfigurationList;
			buildConfigurations = (
				9E9E90531E4CEBA20079DAF9 /* Debug */,
				9E9E90541E4CEBA20079DAF9 /* Release */,
			);
			defaultConfigurationIsVisible = 0;
			defaultConfigurationName = Release;
		};
		9E9E90551E4CEBA20079DAF9 /* Build configuration list for PBXNativeTarget "swiftbar" */ = {
			isa = XCConfigurationList;
			buildConfigurations = (
				9E9E90561E4CEBA20079DAF9 /* Debug */,
				9E9E90571E4CEBA20079DAF9 /* Release */,
			);
			defaultConfigurationIsVisible = 0;
		};
/* End XCConfigurationList section */
	};
	rootObject = 9E9E903B1E4CEBA10079DAF9 /* Project object */;
}
